// !$*UTF8*$!
{
	archiveVersion = 1;
	classes = {
	};
	objectVersion = 56;
	objects = {

/* Begin PBXBuildFile section */
		3A28B1452BCC8CCA00FC9F7C /* AppDelegate.swift in Sources */ = {isa = PBXBuildFile; fileRef = 3A28B1442BCC8CCA00FC9F7C /* AppDelegate.swift */; };
		3A28B1472BCC8CCA00FC9F7C /* SceneDelegate.swift in Sources */ = {isa = PBXBuildFile; fileRef = 3A28B1462BCC8CCA00FC9F7C /* SceneDelegate.swift */; };
		3A28B1492BCC8CCA00FC9F7C /* AddCityViewController.swift in Sources */ = {isa = PBXBuildFile; fileRef = 3A28B1482BCC8CCA00FC9F7C /* AddCityViewController.swift */; };
		3A28B14C2BCC8CCA00FC9F7C /* Main.storyboard in Resources */ = {isa = PBXBuildFile; fileRef = 3A28B14A2BCC8CCA00FC9F7C /* Main.storyboard */; };
		3A28B14E2BCC8CCB00FC9F7C /* Assets.xcassets in Resources */ = {isa = PBXBuildFile; fileRef = 3A28B14D2BCC8CCB00FC9F7C /* Assets.xcassets */; };
		3A28B1512BCC8CCB00FC9F7C /* LaunchScreen.storyboard in Resources */ = {isa = PBXBuildFile; fileRef = 3A28B14F2BCC8CCB00FC9F7C /* LaunchScreen.storyboard */; };
		3A28B15C2BCC8CCB00FC9F7C /* Weather_AppTests.swift in Sources */ = {isa = PBXBuildFile; fileRef = 3A28B15B2BCC8CCB00FC9F7C /* Weather_AppTests.swift */; };
		3A28B1662BCC8CCB00FC9F7C /* Weather_AppUITests.swift in Sources */ = {isa = PBXBuildFile; fileRef = 3A28B1652BCC8CCB00FC9F7C /* Weather_AppUITests.swift */; };
		3A28B1682BCC8CCB00FC9F7C /* Weather_AppUITestsLaunchTests.swift in Sources */ = {isa = PBXBuildFile; fileRef = 3A28B1672BCC8CCB00FC9F7C /* Weather_AppUITestsLaunchTests.swift */; };
		3A28B1802BCD093500FC9F7C /* ServiceAPI.swift in Sources */ = {isa = PBXBuildFile; fileRef = 3A28B17F2BCD093500FC9F7C /* ServiceAPI.swift */; };
/* End PBXBuildFile section */

/* Begin PBXContainerItemProxy section */
		3A28B1582BCC8CCB00FC9F7C /* PBXContainerItemProxy */ = {
			isa = PBXContainerItemProxy;
			containerPortal = 3A28B1392BCC8CCA00FC9F7C /* Project object */;
			proxyType = 1;
			remoteGlobalIDString = 3A28B1402BCC8CCA00FC9F7C;
			remoteInfo = "Weather App";
		};
		3A28B1622BCC8CCB00FC9F7C /* PBXContainerItemProxy */ = {
			isa = PBXContainerItemProxy;
			containerPortal = 3A28B1392BCC8CCA00FC9F7C /* Project object */;
			proxyType = 1;
			remoteGlobalIDString = 3A28B1402BCC8CCA00FC9F7C;
			remoteInfo = "Weather App";
		};
/* End PBXContainerItemProxy section */

/* Begin PBXFileReference section */
		3A28B1412BCC8CCA00FC9F7C /* Weather App.app */ = {isa = PBXFileReference; explicitFileType = wrapper.application; includeInIndex = 0; path = "Weather App.app"; sourceTree = BUILT_PRODUCTS_DIR; };
		3A28B1442BCC8CCA00FC9F7C /* AppDelegate.swift */ = {isa = PBXFileReference; lastKnownFileType = sourcecode.swift; path = AppDelegate.swift; sourceTree = "<group>"; };
		3A28B1462BCC8CCA00FC9F7C /* SceneDelegate.swift */ = {isa = PBXFileReference; lastKnownFileType = sourcecode.swift; path = SceneDelegate.swift; sourceTree = "<group>"; };
		3A28B1482BCC8CCA00FC9F7C /* AddCityViewController.swift */ = {isa = PBXFileReference; lastKnownFileType = sourcecode.swift; path = AddCityViewController.swift; sourceTree = "<group>"; };
		3A28B14B2BCC8CCA00FC9F7C /* Base */ = {isa = PBXFileReference; lastKnownFileType = file.storyboard; name = Base; path = Base.lproj/Main.storyboard; sourceTree = "<group>"; };
		3A28B14D2BCC8CCB00FC9F7C /* Assets.xcassets */ = {isa = PBXFileReference; lastKnownFileType = folder.assetcatalog; path = Assets.xcassets; sourceTree = "<group>"; };
		3A28B1502BCC8CCB00FC9F7C /* Base */ = {isa = PBXFileReference; lastKnownFileType = file.storyboard; name = Base; path = Base.lproj/LaunchScreen.storyboard; sourceTree = "<group>"; };
		3A28B1522BCC8CCB00FC9F7C /* Info.plist */ = {isa = PBXFileReference; lastKnownFileType = text.plist.xml; path = Info.plist; sourceTree = "<group>"; };
		3A28B1572BCC8CCB00FC9F7C /* Weather AppTests.xctest */ = {isa = PBXFileReference; explicitFileType = wrapper.cfbundle; includeInIndex = 0; path = "Weather AppTests.xctest"; sourceTree = BUILT_PRODUCTS_DIR; };
		3A28B15B2BCC8CCB00FC9F7C /* Weather_AppTests.swift */ = {isa = PBXFileReference; lastKnownFileType = sourcecode.swift; path = Weather_AppTests.swift; sourceTree = "<group>"; };
		3A28B1612BCC8CCB00FC9F7C /* Weather AppUITests.xctest */ = {isa = PBXFileReference; explicitFileType = wrapper.cfbundle; includeInIndex = 0; path = "Weather AppUITests.xctest"; sourceTree = BUILT_PRODUCTS_DIR; };
		3A28B1652BCC8CCB00FC9F7C /* Weather_AppUITests.swift */ = {isa = PBXFileReference; lastKnownFileType = sourcecode.swift; path = Weather_AppUITests.swift; sourceTree = "<group>"; };
		3A28B1672BCC8CCB00FC9F7C /* Weather_AppUITestsLaunchTests.swift */ = {isa = PBXFileReference; lastKnownFileType = sourcecode.swift; path = Weather_AppUITestsLaunchTests.swift; sourceTree = "<group>"; };
		3A28B17F2BCD093500FC9F7C /* ServiceAPI.swift */ = {isa = PBXFileReference; lastKnownFileType = sourcecode.swift; path = ServiceAPI.swift; sourceTree = "<group>"; };
/* End PBXFileReference section */

/* Begin PBXFrameworksBuildPhase section */
		3A28B13E2BCC8CCA00FC9F7C /* Frameworks */ = {
			isa = PBXFrameworksBuildPhase;
			buildActionMask = 2147483647;
			files = (
			);
			runOnlyForDeploymentPostprocessing = 0;
		};
		3A28B1542BCC8CCB00FC9F7C /* Frameworks */ = {
			isa = PBXFrameworksBuildPhase;
			buildActionMask = 2147483647;
			files = (
			);
			runOnlyForDeploymentPostprocessing = 0;
		};
		3A28B15E2BCC8CCB00FC9F7C /* Frameworks */ = {
			isa = PBXFrameworksBuildPhase;
			buildActionMask = 2147483647;
			files = (
			);
			runOnlyForDeploymentPostprocessing = 0;
		};
/* End PBXFrameworksBuildPhase section */

/* Begin PBXGroup section */
		3A28B1382BCC8CCA00FC9F7C = {
			isa = PBXGroup;
			children = (
				3A28B1432BCC8CCA00FC9F7C /* Weather App */,
				3A28B15A2BCC8CCB00FC9F7C /* Weather AppTests */,
				3A28B1642BCC8CCB00FC9F7C /* Weather AppUITests */,
				3A28B1422BCC8CCA00FC9F7C /* Products */,
			);
			sourceTree = "<group>";
		};
		3A28B1422BCC8CCA00FC9F7C /* Products */ = {
			isa = PBXGroup;
			children = (
				3A28B1412BCC8CCA00FC9F7C /* Weather App.app */,
				3A28B1572BCC8CCB00FC9F7C /* Weather AppTests.xctest */,
				3A28B1612BCC8CCB00FC9F7C /* Weather AppUITests.xctest */,
			);
			name = Products;
			sourceTree = "<group>";
		};
		3A28B1432BCC8CCA00FC9F7C /* Weather App */ = {
			isa = PBXGroup;
			children = (
				3A39579B2BCD7B3F0066523A /* Model */,
				3A28B17C2BCD070500FC9F7C /* Service */,
				3A28B1442BCC8CCA00FC9F7C /* AppDelegate.swift */,
				3A28B1462BCC8CCA00FC9F7C /* SceneDelegate.swift */,
				3A28B1482BCC8CCA00FC9F7C /* AddCityViewController.swift */,
				3A28B14A2BCC8CCA00FC9F7C /* Main.storyboard */,
				3A28B14D2BCC8CCB00FC9F7C /* Assets.xcassets */,
				3A28B14F2BCC8CCB00FC9F7C /* LaunchScreen.storyboard */,
				3A28B1522BCC8CCB00FC9F7C /* Info.plist */,
			);
			path = "Weather App";
			sourceTree = "<group>";
		};
		3A28B15A2BCC8CCB00FC9F7C /* Weather AppTests */ = {
			isa = PBXGroup;
			children = (
				3A28B15B2BCC8CCB00FC9F7C /* Weather_AppTests.swift */,
			);
			path = "Weather AppTests";
			sourceTree = "<group>";
		};
		3A28B1642BCC8CCB00FC9F7C /* Weather AppUITests */ = {
			isa = PBXGroup;
			children = (
				3A28B1652BCC8CCB00FC9F7C /* Weather_AppUITests.swift */,
				3A28B1672BCC8CCB00FC9F7C /* Weather_AppUITestsLaunchTests.swift */,
			);
			path = "Weather AppUITests";
			sourceTree = "<group>";
		};
		3A28B17C2BCD070500FC9F7C /* Service */ = {
			isa = PBXGroup;
			children = (
				3A28B17F2BCD093500FC9F7C /* ServiceAPI.swift */,
			);
			path = Service;
			sourceTree = "<group>";
		};
		3A39579B2BCD7B3F0066523A /* Model */ = {
			isa = PBXGroup;
			children = (
			);
			path = Model;
			sourceTree = "<group>";
		};
/* End PBXGroup section */

/* Begin PBXNativeTarget section */
		3A28B1402BCC8CCA00FC9F7C /* Weather App */ = {
			isa = PBXNativeTarget;
			buildConfigurationList = 3A28B16B2BCC8CCB00FC9F7C /* Build configuration list for PBXNativeTarget "Weather App" */;
			buildPhases = (
				3A28B13D2BCC8CCA00FC9F7C /* Sources */,
				3A28B13E2BCC8CCA00FC9F7C /* Frameworks */,
				3A28B13F2BCC8CCA00FC9F7C /* Resources */,
			);
			buildRules = (
			);
			dependencies = (
			);
			name = "Weather App";
			productName = "Weather App";
			productReference = 3A28B1412BCC8CCA00FC9F7C /* Weather App.app */;
			productType = "com.apple.product-type.application";
		};
		3A28B1562BCC8CCB00FC9F7C /* Weather AppTests */ = {
			isa = PBXNativeTarget;
			buildConfigurationList = 3A28B16E2BCC8CCB00FC9F7C /* Build configuration list for PBXNativeTarget "Weather AppTests" */;
			buildPhases = (
				3A28B1532BCC8CCB00FC9F7C /* Sources */,
				3A28B1542BCC8CCB00FC9F7C /* Frameworks */,
				3A28B1552BCC8CCB00FC9F7C /* Resources */,
			);
			buildRules = (
			);
			dependencies = (
				3A28B1592BCC8CCB00FC9F7C /* PBXTargetDependency */,
			);
			name = "Weather AppTests";
			productName = "Weather AppTests";
			productReference = 3A28B1572BCC8CCB00FC9F7C /* Weather AppTests.xctest */;
			productType = "com.apple.product-type.bundle.unit-test";
		};
		3A28B1602BCC8CCB00FC9F7C /* Weather AppUITests */ = {
			isa = PBXNativeTarget;
			buildConfigurationList = 3A28B1712BCC8CCB00FC9F7C /* Build configuration list for PBXNativeTarget "Weather AppUITests" */;
			buildPhases = (
				3A28B15D2BCC8CCB00FC9F7C /* Sources */,
				3A28B15E2BCC8CCB00FC9F7C /* Frameworks */,
				3A28B15F2BCC8CCB00FC9F7C /* Resources */,
			);
			buildRules = (
			);
			dependencies = (
				3A28B1632BCC8CCB00FC9F7C /* PBXTargetDependency */,
			);
			name = "Weather AppUITests";
			productName = "Weather AppUITests";
			productReference = 3A28B1612BCC8CCB00FC9F7C /* Weather AppUITests.xctest */;
			productType = "com.apple.product-type.bundle.ui-testing";
		};
/* End PBXNativeTarget section */

/* Begin PBXProject section */
		3A28B1392BCC8CCA00FC9F7C /* Project object */ = {
			isa = PBXProject;
			attributes = {
				BuildIndependentTargetsInParallel = 1;
				LastSwiftUpdateCheck = 1520;
				LastUpgradeCheck = 1520;
				TargetAttributes = {
					3A28B1402BCC8CCA00FC9F7C = {
						CreatedOnToolsVersion = 15.2;
					};
					3A28B1562BCC8CCB00FC9F7C = {
						CreatedOnToolsVersion = 15.2;
						TestTargetID = 3A28B1402BCC8CCA00FC9F7C;
					};
					3A28B1602BCC8CCB00FC9F7C = {
						CreatedOnToolsVersion = 15.2;
						TestTargetID = 3A28B1402BCC8CCA00FC9F7C;
					};
				};
			};
			buildConfigurationList = 3A28B13C2BCC8CCA00FC9F7C /* Build configuration list for PBXProject "Weather App" */;
			compatibilityVersion = "Xcode 14.0";
			developmentRegion = en;
			hasScannedForEncodings = 0;
			knownRegions = (
				en,
				Base,
			);
			mainGroup = 3A28B1382BCC8CCA00FC9F7C;
			productRefGroup = 3A28B1422BCC8CCA00FC9F7C /* Products */;
			projectDirPath = "";
			projectRoot = "";
			targets = (
				3A28B1402BCC8CCA00FC9F7C /* Weather App */,
				3A28B1562BCC8CCB00FC9F7C /* Weather AppTests */,
				3A28B1602BCC8CCB00FC9F7C /* Weather AppUITests */,
			);
		};
/* End PBXProject section */

/* Begin PBXResourcesBuildPhase section */
		3A28B13F2BCC8CCA00FC9F7C /* Resources */ = {
			isa = PBXResourcesBuildPhase;
			buildActionMask = 2147483647;
			files = (
				3A28B1512BCC8CCB00FC9F7C /* LaunchScreen.storyboard in Resources */,
				3A28B14E2BCC8CCB00FC9F7C /* Assets.xcassets in Resources */,
				3A28B14C2BCC8CCA00FC9F7C /* Main.storyboard in Resources */,
			);
			runOnlyForDeploymentPostprocessing = 0;
		};
		3A28B1552BCC8CCB00FC9F7C /* Resources */ = {
			isa = PBXResourcesBuildPhase;
			buildActionMask = 2147483647;
			files = (
			);
			runOnlyForDeploymentPostprocessing = 0;
		};
		3A28B15F2BCC8CCB00FC9F7C /* Resources */ = {
			isa = PBXResourcesBuildPhase;
			buildActionMask = 2147483647;
			files = (
			);
			runOnlyForDeploymentPostprocessing = 0;
		};
/* End PBXResourcesBuildPhase section */

/* Begin PBXSourcesBuildPhase section */
		3A28B13D2BCC8CCA00FC9F7C /* Sources */ = {
			isa = PBXSourcesBuildPhase;
			buildActionMask = 2147483647;
			files = (
				3A28B1492BCC8CCA00FC9F7C /* AddCityViewController.swift in Sources */,
				3A28B1802BCD093500FC9F7C /* ServiceAPI.swift in Sources */,
				3A28B1452BCC8CCA00FC9F7C /* AppDelegate.swift in Sources */,
				3A28B1472BCC8CCA00FC9F7C /* SceneDelegate.swift in Sources */,
			);
			runOnlyForDeploymentPostprocessing = 0;
		};
		3A28B1532BCC8CCB00FC9F7C /* Sources */ = {
			isa = PBXSourcesBuildPhase;
			buildActionMask = 2147483647;
			files = (
				3A28B15C2BCC8CCB00FC9F7C /* Weather_AppTests.swift in Sources */,
			);
			runOnlyForDeploymentPostprocessing = 0;
		};
		3A28B15D2BCC8CCB00FC9F7C /* Sources */ = {
			isa = PBXSourcesBuildPhase;
			buildActionMask = 2147483647;
			files = (
				3A28B1662BCC8CCB00FC9F7C /* Weather_AppUITests.swift in Sources */,
				3A28B1682BCC8CCB00FC9F7C /* Weather_AppUITestsLaunchTests.swift in Sources */,
			);
			runOnlyForDeploymentPostprocessing = 0;
		};
/* End PBXSourcesBuildPhase section */

/* Begin PBXTargetDependency section */
		3A28B1592BCC8CCB00FC9F7C /* PBXTargetDependency */ = {
			isa = PBXTargetDependency;
			target = 3A28B1402BCC8CCA00FC9F7C /* Weather App */;
			targetProxy = 3A28B1582BCC8CCB00FC9F7C /* PBXContainerItemProxy */;
		};
		3A28B1632BCC8CCB00FC9F7C /* PBXTargetDependency */ = {
			isa = PBXTargetDependency;
			target = 3A28B1402BCC8CCA00FC9F7C /* Weather App */;
			targetProxy = 3A28B1622BCC8CCB00FC9F7C /* PBXContainerItemProxy */;
		};
/* End PBXTargetDependency section */

/* Begin PBXVariantGroup section */
		3A28B14A2BCC8CCA00FC9F7C /* Main.storyboard */ = {
			isa = PBXVariantGroup;
			children = (
				3A28B14B2BCC8CCA00FC9F7C /* Base */,
			);
			name = Main.storyboard;
			sourceTree = "<group>";
		};
		3A28B14F2BCC8CCB00FC9F7C /* LaunchScreen.storyboard */ = {
			isa = PBXVariantGroup;
			children = (
				3A28B1502BCC8CCB00FC9F7C /* Base */,
			);
			name = LaunchScreen.storyboard;
			sourceTree = "<group>";
		};
/* End PBXVariantGroup section */

/* Begin XCBuildConfiguration section */
		3A28B1692BCC8CCB00FC9F7C /* Debug */ = {
			isa = XCBuildConfiguration;
			buildSettings = {
				ALWAYS_SEARCH_USER_PATHS = NO;
				ASSETCATALOG_COMPILER_GENERATE_SWIFT_ASSET_SYMBOL_EXTENSIONS = YES;
				CLANG_ANALYZER_NONNULL = YES;
				CLANG_ANALYZER_NUMBER_OBJECT_CONVERSION = YES_AGGRESSIVE;
				CLANG_CXX_LANGUAGE_STANDARD = "gnu++20";
				CLANG_ENABLE_MODULES = YES;
				CLANG_ENABLE_OBJC_ARC = YES;
				CLANG_ENABLE_OBJC_WEAK = YES;
				CLANG_WARN_BLOCK_CAPTURE_AUTORELEASING = YES;
				CLANG_WARN_BOOL_CONVERSION = YES;
				CLANG_WARN_COMMA = YES;
				CLANG_WARN_CONSTANT_CONVERSION = YES;
				CLANG_WARN_DEPRECATED_OBJC_IMPLEMENTATIONS = YES;
				CLANG_WARN_DIRECT_OBJC_ISA_USAGE = YES_ERROR;
				CLANG_WARN_DOCUMENTATION_COMMENTS = YES;
				CLANG_WARN_EMPTY_BODY = YES;
				CLANG_WARN_ENUM_CONVERSION = YES;
				CLANG_WARN_INFINITE_RECURSION = YES;
				CLANG_WARN_INT_CONVERSION = YES;
				CLANG_WARN_NON_LITERAL_NULL_CONVERSION = YES;
				CLANG_WARN_OBJC_IMPLICIT_RETAIN_SELF = YES;
				CLANG_WARN_OBJC_LITERAL_CONVERSION = YES;
				CLANG_WARN_OBJC_ROOT_CLASS = YES_ERROR;
				CLANG_WARN_QUOTED_INCLUDE_IN_FRAMEWORK_HEADER = YES;
				CLANG_WARN_RANGE_LOOP_ANALYSIS = YES;
				CLANG_WARN_STRICT_PROTOTYPES = YES;
				CLANG_WARN_SUSPICIOUS_MOVE = YES;
				CLANG_WARN_UNGUARDED_AVAILABILITY = YES_AGGRESSIVE;
				CLANG_WARN_UNREACHABLE_CODE = YES;
				CLANG_WARN__DUPLICATE_METHOD_MATCH = YES;
				COPY_PHASE_STRIP = NO;
				DEBUG_INFORMATION_FORMAT = dwarf;
				ENABLE_STRICT_OBJC_MSGSEND = YES;
				ENABLE_TESTABILITY = YES;
				ENABLE_USER_SCRIPT_SANDBOXING = YES;
				GCC_C_LANGUAGE_STANDARD = gnu17;
				GCC_DYNAMIC_NO_PIC = NO;
				GCC_NO_COMMON_BLOCKS = YES;
				GCC_OPTIMIZATION_LEVEL = 0;
				GCC_PREPROCESSOR_DEFINITIONS = (
					"DEBUG=1",
					"$(inherited)",
				);
				GCC_WARN_64_TO_32_BIT_CONVERSION = YES;
				GCC_WARN_ABOUT_RETURN_TYPE = YES_ERROR;
				GCC_WARN_UNDECLARED_SELECTOR = YES;
				GCC_WARN_UNINITIALIZED_AUTOS = YES_AGGRESSIVE;
				GCC_WARN_UNUSED_FUNCTION = YES;
				GCC_WARN_UNUSED_VARIABLE = YES;
				IPHONEOS_DEPLOYMENT_TARGET = 17.2;
				LOCALIZATION_PREFERS_STRING_CATALOGS = YES;
				MTL_ENABLE_DEBUG_INFO = INCLUDE_SOURCE;
				MTL_FAST_MATH = YES;
				ONLY_ACTIVE_ARCH = YES;
				SDKROOT = iphoneos;
				SWIFT_ACTIVE_COMPILATION_CONDITIONS = "DEBUG $(inherited)";
				SWIFT_OPTIMIZATION_LEVEL = "-Onone";
			};
			name = Debug;
		};
		3A28B16A2BCC8CCB00FC9F7C /* Release */ = {
			isa = XCBuildConfiguration;
			buildSettings = {
				ALWAYS_SEARCH_USER_PATHS = NO;
				ASSETCATALOG_COMPILER_GENERATE_SWIFT_ASSET_SYMBOL_EXTENSIONS = YES;
				CLANG_ANALYZER_NONNULL = YES;
				CLANG_ANALYZER_NUMBER_OBJECT_CONVERSION = YES_AGGRESSIVE;
				CLANG_CXX_LANGUAGE_STANDARD = "gnu++20";
				CLANG_ENABLE_MODULES = YES;
				CLANG_ENABLE_OBJC_ARC = YES;
				CLANG_ENABLE_OBJC_WEAK = YES;
				CLANG_WARN_BLOCK_CAPTURE_AUTORELEASING = YES;
				CLANG_WARN_BOOL_CONVERSION = YES;
				CLANG_WARN_COMMA = YES;
				CLANG_WARN_CONSTANT_CONVERSION = YES;
				CLANG_WARN_DEPRECATED_OBJC_IMPLEMENTATIONS = YES;
				CLANG_WARN_DIRECT_OBJC_ISA_USAGE = YES_ERROR;
				CLANG_WARN_DOCUMENTATION_COMMENTS = YES;
				CLANG_WARN_EMPTY_BODY = YES;
				CLANG_WARN_ENUM_CONVERSION = YES;
				CLANG_WARN_INFINITE_RECURSION = YES;
				CLANG_WARN_INT_CONVERSION = YES;
				CLANG_WARN_NON_LITERAL_NULL_CONVERSION = YES;
				CLANG_WARN_OBJC_IMPLICIT_RETAIN_SELF = YES;
				CLANG_WARN_OBJC_LITERAL_CONVERSION = YES;
				CLANG_WARN_OBJC_ROOT_CLASS = YES_ERROR;
				CLANG_WARN_QUOTED_INCLUDE_IN_FRAMEWORK_HEADER = YES;
				CLANG_WARN_RANGE_LOOP_ANALYSIS = YES;
				CLANG_WARN_STRICT_PROTOTYPES = YES;
				CLANG_WARN_SUSPICIOUS_MOVE = YES;
				CLANG_WARN_UNGUARDED_AVAILABILITY = YES_AGGRESSIVE;
				CLANG_WARN_UNREACHABLE_CODE = YES;
				CLANG_WARN__DUPLICATE_METHOD_MATCH = YES;
				COPY_PHASE_STRIP = NO;
				DEBUG_INFORMATION_FORMAT = "dwarf-with-dsym";
				ENABLE_NS_ASSERTIONS = NO;
				ENABLE_STRICT_OBJC_MSGSEND = YES;
				ENABLE_USER_SCRIPT_SANDBOXING = YES;
				GCC_C_LANGUAGE_STANDARD = gnu17;
				GCC_NO_COMMON_BLOCKS = YES;
				GCC_WARN_64_TO_32_BIT_CONVERSION = YES;
				GCC_WARN_ABOUT_RETURN_TYPE = YES_ERROR;
				GCC_WARN_UNDECLARED_SELECTOR = YES;
				GCC_WARN_UNINITIALIZED_AUTOS = YES_AGGRESSIVE;
				GCC_WARN_UNUSED_FUNCTION = YES;
				GCC_WARN_UNUSED_VARIABLE = YES;
				IPHONEOS_DEPLOYMENT_TARGET = 17.2;
				LOCALIZATION_PREFERS_STRING_CATALOGS = YES;
				MTL_ENABLE_DEBUG_INFO = NO;
				MTL_FAST_MATH = YES;
				SDKROOT = iphoneos;
				SWIFT_COMPILATION_MODE = wholemodule;
				VALIDATE_PRODUCT = YES;
			};
			name = Release;
		};
		3A28B16C2BCC8CCB00FC9F7C /* Debug */ = {
			isa = XCBuildConfiguration;
			buildSettings = {
				ASSETCATALOG_COMPILER_APPICON_NAME = AppIcon;
				ASSETCATALOG_COMPILER_GLOBAL_ACCENT_COLOR_NAME = AccentColor;
				CODE_SIGN_STYLE = Automatic;
				CURRENT_PROJECT_VERSION = 1;
				DEVELOPMENT_TEAM = 7XYF2Z5FKX;
				GENERATE_INFOPLIST_FILE = YES;
				INFOPLIST_FILE = "Weather App/Info.plist";
				INFOPLIST_KEY_UIApplicationSupportsIndirectInputEvents = YES;
				INFOPLIST_KEY_UILaunchStoryboardName = LaunchScreen;
				INFOPLIST_KEY_UIMainStoryboardFile = Main;
				INFOPLIST_KEY_UISupportedInterfaceOrientations_iPad = "UIInterfaceOrientationPortrait UIInterfaceOrientationPortraitUpsideDown UIInterfaceOrientationLandscapeLeft UIInterfaceOrientationLandscapeRight";
				INFOPLIST_KEY_UISupportedInterfaceOrientations_iPhone = "UIInterfaceOrientationPortrait UIInterfaceOrientationLandscapeLeft UIInterfaceOrientationLandscapeRight";
				LD_RUNPATH_SEARCH_PATHS = (
					"$(inherited)",
					"@executable_path/Frameworks",
				);
				MARKETING_VERSION = 1.0;
				PRODUCT_BUNDLE_IDENTIFIER = "Hamit-Sehjal.Weather-App";
				PRODUCT_NAME = "$(TARGET_NAME)";
				SWIFT_EMIT_LOC_STRINGS = YES;
				SWIFT_VERSION = 5.0;
				TARGETED_DEVICE_FAMILY = "1,2";
			};
			name = Debug;
		};
		3A28B16D2BCC8CCB00FC9F7C /* Release */ = {
			isa = XCBuildConfiguration;
			buildSettings = {
				ASSETCATALOG_COMPILER_APPICON_NAME = AppIcon;
				ASSETCATALOG_COMPILER_GLOBAL_ACCENT_COLOR_NAME = AccentColor;
				CODE_SIGN_STYLE = Automatic;
				CURRENT_PROJECT_VERSION = 1;
				DEVELOPMENT_TEAM = 7XYF2Z5FKX;
				GENERATE_INFOPLIST_FILE = YES;
				INFOPLIST_FILE = "Weather App/Info.plist";
				INFOPLIST_KEY_UIApplicationSupportsIndirectInputEvents = YES;
				INFOPLIST_KEY_UILaunchStoryboardName = LaunchScreen;
				INFOPLIST_KEY_UIMainStoryboardFile = Main;
				INFOPLIST_KEY_UISupportedInterfaceOrientations_iPad = "UIInterfaceOrientationPortrait UIInterfaceOrientationPortraitUpsideDown UIInterfaceOrientationLandscapeLeft UIInterfaceOrientationLandscapeRight";
				INFOPLIST_KEY_UISupportedInterfaceOrientations_iPhone = "UIInterfaceOrientationPortrait UIInterfaceOrientationLandscapeLeft UIInterfaceOrientationLandscapeRight";
				LD_RUNPATH_SEARCH_PATHS = (
					"$(inherited)",
					"@executable_path/Frameworks",
				);
				MARKETING_VERSION = 1.0;
				PRODUCT_BUNDLE_IDENTIFIER = "Hamit-Sehjal.Weather-App";
				PRODUCT_NAME = "$(TARGET_NAME)";
				SWIFT_EMIT_LOC_STRINGS = YES;
				SWIFT_VERSION = 5.0;
				TARGETED_DEVICE_FAMILY = "1,2";
			};
			name = Release;
		};
		3A28B16F2BCC8CCB00FC9F7C /* Debug */ = {
			isa = XCBuildConfiguration;
			buildSettings = {
				ALWAYS_EMBED_SWIFT_STANDARD_LIBRARIES = YES;
				BUNDLE_LOADER = "$(TEST_HOST)";
				CODE_SIGN_STYLE = Automatic;
				CURRENT_PROJECT_VERSION = 1;
				DEVELOPMENT_TEAM = 7XYF2Z5FKX;
				GENERATE_INFOPLIST_FILE = YES;
				IPHONEOS_DEPLOYMENT_TARGET = 17.2;
				MARKETING_VERSION = 1.0;
				PRODUCT_BUNDLE_IDENTIFIER = "Hamit-Sehjal.Weather-AppTests";
				PRODUCT_NAME = "$(TARGET_NAME)";
				SWIFT_EMIT_LOC_STRINGS = NO;
				SWIFT_VERSION = 5.0;
				TARGETED_DEVICE_FAMILY = "1,2";
				TEST_HOST = "$(BUILT_PRODUCTS_DIR)/Weather App.app/$(BUNDLE_EXECUTABLE_FOLDER_PATH)/Weather App";
			};
			name = Debug;
		};
		3A28B1702BCC8CCB00FC9F7C /* Release */ = {
			isa = XCBuildConfiguration;
			buildSettings = {
				ALWAYS_EMBED_SWIFT_STANDARD_LIBRARIES = YES;
				BUNDLE_LOADER = "$(TEST_HOST)";
				CODE_SIGN_STYLE = Automatic;
				CURRENT_PROJECT_VERSION = 1;
				DEVELOPMENT_TEAM = 7XYF2Z5FKX;
				GENERATE_INFOPLIST_FILE = YES;
				IPHONEOS_DEPLOYMENT_TARGET = 17.2;
				MARKETING_VERSION = 1.0;
				PRODUCT_BUNDLE_IDENTIFIER = "Hamit-Sehjal.Weather-AppTests";
				PRODUCT_NAME = "$(TARGET_NAME)";
				SWIFT_EMIT_LOC_STRINGS = NO;
				SWIFT_VERSION = 5.0;
				TARGETED_DEVICE_FAMILY = "1,2";
				TEST_HOST = "$(BUILT_PRODUCTS_DIR)/Weather App.app/$(BUNDLE_EXECUTABLE_FOLDER_PATH)/Weather App";
			};
			name = Release;
		};
		3A28B1722BCC8CCB00FC9F7C /* Debug */ = {
			isa = XCBuildConfiguration;
			buildSettings = {
				ALWAYS_EMBED_SWIFT_STANDARD_LIBRARIES = YES;
				CODE_SIGN_STYLE = Automatic;
				CURRENT_PROJECT_VERSION = 1;
				DEVELOPMENT_TEAM = 7XYF2Z5FKX;
				GENERATE_INFOPLIST_FILE = YES;
				MARKETING_VERSION = 1.0;
				PRODUCT_BUNDLE_IDENTIFIER = "Hamit-Sehjal.Weather-AppUITests";
				PRODUCT_NAME = "$(TARGET_NAME)";
				SWIFT_EMIT_LOC_STRINGS = NO;
				SWIFT_VERSION = 5.0;
				TARGETED_DEVICE_FAMILY = "1,2";
				TEST_TARGET_NAME = "Weather App";
			};
			name = Debug;
		};
		3A28B1732BCC8CCB00FC9F7C /* Release */ = {
			isa = XCBuildConfiguration;
			buildSettings = {
				ALWAYS_EMBED_SWIFT_STANDARD_LIBRARIES = YES;
				CODE_SIGN_STYLE = Automatic;
				CURRENT_PROJECT_VERSION = 1;
				DEVELOPMENT_TEAM = 7XYF2Z5FKX;
				GENERATE_INFOPLIST_FILE = YES;
				MARKETING_VERSION = 1.0;
				PRODUCT_BUNDLE_IDENTIFIER = "Hamit-Sehjal.Weather-AppUITests";
				PRODUCT_NAME = "$(TARGET_NAME)";
				SWIFT_EMIT_LOC_STRINGS = NO;
				SWIFT_VERSION = 5.0;
				TARGETED_DEVICE_FAMILY = "1,2";
				TEST_TARGET_NAME = "Weather App";
			};
			name = Release;
		};
/* End XCBuildConfiguration section */

/* Begin XCConfigurationList section */
		3A28B13C2BCC8CCA00FC9F7C /* Build configuration list for PBXProject "Weather App" */ = {
			isa = XCConfigurationList;
			buildConfigurations = (
				3A28B1692BCC8CCB00FC9F7C /* Debug */,
				3A28B16A2BCC8CCB00FC9F7C /* Release */,
			);
			defaultConfigurationIsVisible = 0;
			defaultConfigurationName = Release;
		};
		3A28B16B2BCC8CCB00FC9F7C /* Build configuration list for PBXNativeTarget "Weather App" */ = {
			isa = XCConfigurationList;
			buildConfigurations = (
				3A28B16C2BCC8CCB00FC9F7C /* Debug */,
				3A28B16D2BCC8CCB00FC9F7C /* Release */,
			);
			defaultConfigurationIsVisible = 0;
			defaultConfigurationName = Release;
		};
		3A28B16E2BCC8CCB00FC9F7C /* Build configuration list for PBXNativeTarget "Weather AppTests" */ = {
			isa = XCConfigurationList;
			buildConfigurations = (
				3A28B16F2BCC8CCB00FC9F7C /* Debug */,
				3A28B1702BCC8CCB00FC9F7C /* Release */,
			);
			defaultConfigurationIsVisible = 0;
			defaultConfigurationName = Release;
		};
		3A28B1712BCC8CCB00FC9F7C /* Build configuration list for PBXNativeTarget "Weather AppUITests" */ = {
			isa = XCConfigurationList;
			buildConfigurations = (
				3A28B1722BCC8CCB00FC9F7C /* Debug */,
				3A28B1732BCC8CCB00FC9F7C /* Release */,
			);
			defaultConfigurationIsVisible = 0;
			defaultConfigurationName = Release;
		};
/* End XCConfigurationList section */
	};
	rootObject = 3A28B1392BCC8CCA00FC9F7C /* Project object */;
}
